
Microsoft Visual Studio Solution File, Format Version 12.00
# Visual Studio Version 16
VisualStudioVersion = 16.0.30907.101
MinimumVisualStudioVersion = 10.0.40219.1
Project("{2150E333-8FDC-42A3-9474-1A3956D46DE8}") = "src", "src", "{B27C29DB-74F4-4FDB-9C13-B3B1867F4808}"
EndProject
Project("{2150E333-8FDC-42A3-9474-1A3956D46DE8}") = "Services", "Services", "{006CA899-231A-486E-9A93-E065EA8857A6}"
EndProject
Project("{2150E333-8FDC-42A3-9474-1A3956D46DE8}") = "Gateway", "Gateway", "{A16A8FA2-4932-4C1B-90EB-B432940EA1CB}"
EndProject
Project("{2150E333-8FDC-42A3-9474-1A3956D46DE8}") = "Catalog", "Catalog", "{B1133DD5-7524-44F4-AA5A-78904520FEFE}"
EndProject
Project("{2150E333-8FDC-42A3-9474-1A3956D46DE8}") = "Basket", "Basket", "{7007DD3E-AA46-49A7-8D41-B783FCF70714}"
EndProject
Project("{9A19103F-16F7-4668-BE54-9A1E7A4F7556}") = "Kanbersky.HC.Basket.Api", "src\Services\Basket\Kanbersky.HC.Basket.Api\Kanbersky.HC.Basket.Api.csproj", "{E27603C5-A74B-40B0-804F-9F420363F77D}"
EndProject
Project("{9A19103F-16F7-4668-BE54-9A1E7A4F7556}") = "Kanbersky.HC.Catalog.Api", "src\Services\Catalog\Kanbersky.HC.Catalog.Api\Kanbersky.HC.Catalog.Api.csproj", "{8428A205-0622-47A3-9EAC-90FD1964AC74}"
EndProject
Project("{9A19103F-16F7-4668-BE54-9A1E7A4F7556}") = "Kanbersky.HC.Core", "src\Kanbersky.HC.Core\Kanbersky.HC.Core.csproj", "{48E20E98-F9DA-4B2B-9C0A-2A50810D0061}"
EndProject
Project("{9A19103F-16F7-4668-BE54-9A1E7A4F7556}") = "Kanbersky.HC.Basket.Services", "src\Services\Basket\Kanbersky.HC.Basket.Services\Kanbersky.HC.Basket.Services.csproj", "{83D438AC-CED1-4A9D-B4CB-85427C0075FC}"
EndProject
Project("{9A19103F-16F7-4668-BE54-9A1E7A4F7556}") = "Kanbersky.HC.Basket.Infrastructure", "src\Services\Basket\Kanbersky.HC.Basket.Infrastructure\Kanbersky.HC.Basket.Infrastructure.csproj", "{A82862A5-5537-4EAC-B8CC-7DADA48DA752}"
EndProject
Project("{E53339B2-1760-4266-BCC7-CA923CBCF16C}") = "docker-compose", "docker-compose.dcproj", "{80445563-4067-4FA1-B02A-95B7768634DD}"
EndProject
Project("{9A19103F-16F7-4668-BE54-9A1E7A4F7556}") = "Kanbersky.HC.Catalog.Services", "src\Services\Catalog\Kanbersky.HC.Catalog.Services\Kanbersky.HC.Catalog.Services.csproj", "{AC952CBD-67C0-48E7-B1A5-4F51C8845D52}"
EndProject
Project("{9A19103F-16F7-4668-BE54-9A1E7A4F7556}") = "Kanbersky.HC.Catalog.Infrastructure", "src\Services\Catalog\Kanbersky.HC.Catalog.Infrastructure\Kanbersky.HC.Catalog.Infrastructure.csproj", "{3E07D6A1-4620-4D60-BF84-B34D7C5E358B}"
EndProject
Project("{2150E333-8FDC-42A3-9474-1A3956D46DE8}") = "Ordering", "Ordering", "{24698F1C-E2E8-453B-A1AF-6F37926EB100}"
EndProject
Project("{9A19103F-16F7-4668-BE54-9A1E7A4F7556}") = "Kanbersky.HC.Ordering.Api", "src\Services\Ordering\Kanbersky.HC.Ordering.Api\Kanbersky.HC.Ordering.Api.csproj", "{82D8C77F-D899-4CF9-AC3E-4159E37A06C1}"
EndProject
Project("{9A19103F-16F7-4668-BE54-9A1E7A4F7556}") = "Kanbersky.HC.Ordering.Infrastructure", "src\Services\Ordering\Kanbersky.HC.Ordering.Infrastructure\Kanbersky.HC.Ordering.Infrastructure.csproj", "{A4F0E0CA-7369-40E7-8D4A-7FE7437C4526}"
EndProject
Project("{9A19103F-16F7-4668-BE54-9A1E7A4F7556}") = "Kanbersky.HC.Ordering.Services", "src\Services\Ordering\Kanbersky.HC.Ordering.Services\Kanbersky.HC.Ordering.Services.csproj", "{DA27B5D5-98A5-4892-9F25-CE385131A1AD}"
EndProject
Project("{2150E333-8FDC-42A3-9474-1A3956D46DE8}") = "Notes", "Notes", "{ECD1D74A-3892-44B1-A921-DB569D17C5AE}"
	ProjectSection(SolutionItems) = preProject
		PortainerNotlar.txt = PortainerNotlar.txt
	EndProjectSection
EndProject
Project("{2150E333-8FDC-42A3-9474-1A3956D46DE8}") = "BFF", "BFF", "{49B662BF-5729-498C-B665-F12641E9E8EF}"
EndProject
Project("{9A19103F-16F7-4668-BE54-9A1E7A4F7556}") = "Kanbersky.HC.BFF.Api", "src\BFF\Kanbersky.HC.BFF.Api\Kanbersky.HC.BFF.Api.csproj", "{F26F12D9-3D9F-4F27-A4DA-BCE13C2F1154}"
EndProject
Project("{9A19103F-16F7-4668-BE54-9A1E7A4F7556}") = "Kanbersky.HC.BFF.Services", "src\BFF\Kanbersky.HC.BFF.Services\Kanbersky.HC.BFF.Services.csproj", "{92F461F4-1A05-4C4C-B983-1F1B245A4A81}"
EndProject
Project("{2150E333-8FDC-42A3-9474-1A3956D46DE8}") = "WebUI", "WebUI", "{75E7F6B4-B8F6-4791-AA6F-2F402DB149F1}"
EndProject
Project("{FAE04EC0-301F-11D3-BF4B-00C04F79EFBC}") = "Kanbersky.HC.HealthStatus", "src\WebUI\Kanbersky.HC.HealthStatus\Kanbersky.HC.HealthStatus.csproj", "{AB05F367-272B-451C-B469-61BFA4B0E72D}"
EndProject
Global
	GlobalSection(SolutionConfigurationPlatforms) = preSolution
		Debug|Any CPU = Debug|Any CPU
		Release|Any CPU = Release|Any CPU
	EndGlobalSection
	GlobalSection(ProjectConfigurationPlatforms) = postSolution
		{E27603C5-A74B-40B0-804F-9F420363F77D}.Debug|Any CPU.ActiveCfg = Debug|Any CPU
		{E27603C5-A74B-40B0-804F-9F420363F77D}.Debug|Any CPU.Build.0 = Debug|Any CPU
		{E27603C5-A74B-40B0-804F-9F420363F77D}.Release|Any CPU.ActiveCfg = Release|Any CPU
		{E27603C5-A74B-40B0-804F-9F420363F77D}.Release|Any CPU.Build.0 = Release|Any CPU
		{8428A205-0622-47A3-9EAC-90FD1964AC74}.Debug|Any CPU.ActiveCfg = Debug|Any CPU
		{8428A205-0622-47A3-9EAC-90FD1964AC74}.Debug|Any CPU.Build.0 = Debug|Any CPU
		{8428A205-0622-47A3-9EAC-90FD1964AC74}.Release|Any CPU.ActiveCfg = Release|Any CPU
		{8428A205-0622-47A3-9EAC-90FD1964AC74}.Release|Any CPU.Build.0 = Release|Any CPU
		{48E20E98-F9DA-4B2B-9C0A-2A50810D0061}.Debug|Any CPU.ActiveCfg = Debug|Any CPU
		{48E20E98-F9DA-4B2B-9C0A-2A50810D0061}.Debug|Any CPU.Build.0 = Debug|Any CPU
		{48E20E98-F9DA-4B2B-9C0A-2A50810D0061}.Release|Any CPU.ActiveCfg = Release|Any CPU
		{48E20E98-F9DA-4B2B-9C0A-2A50810D0061}.Release|Any CPU.Build.0 = Release|Any CPU
		{83D438AC-CED1-4A9D-B4CB-85427C0075FC}.Debug|Any CPU.ActiveCfg = Debug|Any CPU
		{83D438AC-CED1-4A9D-B4CB-85427C0075FC}.Debug|Any CPU.Build.0 = Debug|Any CPU
		{83D438AC-CED1-4A9D-B4CB-85427C0075FC}.Release|Any CPU.ActiveCfg = Release|Any CPU
		{83D438AC-CED1-4A9D-B4CB-85427C0075FC}.Release|Any CPU.Build.0 = Release|Any CPU
		{A82862A5-5537-4EAC-B8CC-7DADA48DA752}.Debug|Any CPU.ActiveCfg = Debug|Any CPU
		{A82862A5-5537-4EAC-B8CC-7DADA48DA752}.Debug|Any CPU.Build.0 = Debug|Any CPU
		{A82862A5-5537-4EAC-B8CC-7DADA48DA752}.Release|Any CPU.ActiveCfg = Release|Any CPU
		{A82862A5-5537-4EAC-B8CC-7DADA48DA752}.Release|Any CPU.Build.0 = Release|Any CPU
		{80445563-4067-4FA1-B02A-95B7768634DD}.Debug|Any CPU.ActiveCfg = Debug|Any CPU
		{80445563-4067-4FA1-B02A-95B7768634DD}.Debug|Any CPU.Build.0 = Debug|Any CPU
		{80445563-4067-4FA1-B02A-95B7768634DD}.Release|Any CPU.ActiveCfg = Release|Any CPU
		{80445563-4067-4FA1-B02A-95B7768634DD}.Release|Any CPU.Build.0 = Release|Any CPU
		{AC952CBD-67C0-48E7-B1A5-4F51C8845D52}.Debug|Any CPU.ActiveCfg = Debug|Any CPU
		{AC952CBD-67C0-48E7-B1A5-4F51C8845D52}.Debug|Any CPU.Build.0 = Debug|Any CPU
		{AC952CBD-67C0-48E7-B1A5-4F51C8845D52}.Release|Any CPU.ActiveCfg = Release|Any CPU
		{AC952CBD-67C0-48E7-B1A5-4F51C8845D52}.Release|Any CPU.Build.0 = Release|Any CPU
		{3E07D6A1-4620-4D60-BF84-B34D7C5E358B}.Debug|Any CPU.ActiveCfg = Debug|Any CPU
		{3E07D6A1-4620-4D60-BF84-B34D7C5E358B}.Debug|Any CPU.Build.0 = Debug|Any CPU
		{3E07D6A1-4620-4D60-BF84-B34D7C5E358B}.Release|Any CPU.ActiveCfg = Release|Any CPU
		{3E07D6A1-4620-4D60-BF84-B34D7C5E358B}.Release|Any CPU.Build.0 = Release|Any CPU
		{82D8C77F-D899-4CF9-AC3E-4159E37A06C1}.Debug|Any CPU.ActiveCfg = Debug|Any CPU
		{82D8C77F-D899-4CF9-AC3E-4159E37A06C1}.Debug|Any CPU.Build.0 = Debug|Any CPU
		{82D8C77F-D899-4CF9-AC3E-4159E37A06C1}.Release|Any CPU.ActiveCfg = Release|Any CPU
		{82D8C77F-D899-4CF9-AC3E-4159E37A06C1}.Release|Any CPU.Build.0 = Release|Any CPU
		{A4F0E0CA-7369-40E7-8D4A-7FE7437C4526}.Debug|Any CPU.ActiveCfg = Debug|Any CPU
		{A4F0E0CA-7369-40E7-8D4A-7FE7437C4526}.Debug|Any CPU.Build.0 = Debug|Any CPU
		{A4F0E0CA-7369-40E7-8D4A-7FE7437C4526}.Release|Any CPU.ActiveCfg = Release|Any CPU
		{A4F0E0CA-7369-40E7-8D4A-7FE7437C4526}.Release|Any CPU.Build.0 = Release|Any CPU
		{DA27B5D5-98A5-4892-9F25-CE385131A1AD}.Debug|Any CPU.ActiveCfg = Debug|Any CPU
		{DA27B5D5-98A5-4892-9F25-CE385131A1AD}.Debug|Any CPU.Build.0 = Debug|Any CPU
		{DA27B5D5-98A5-4892-9F25-CE385131A1AD}.Release|Any CPU.ActiveCfg = Release|Any CPU
		{DA27B5D5-98A5-4892-9F25-CE385131A1AD}.Release|Any CPU.Build.0 = Release|Any CPU
		{F26F12D9-3D9F-4F27-A4DA-BCE13C2F1154}.Debug|Any CPU.ActiveCfg = Debug|Any CPU
		{F26F12D9-3D9F-4F27-A4DA-BCE13C2F1154}.Debug|Any CPU.Build.0 = Debug|Any CPU
		{F26F12D9-3D9F-4F27-A4DA-BCE13C2F1154}.Release|Any CPU.ActiveCfg = Release|Any CPU
		{F26F12D9-3D9F-4F27-A4DA-BCE13C2F1154}.Release|Any CPU.Build.0 = Release|Any CPU
		{92F461F4-1A05-4C4C-B983-1F1B245A4A81}.Debug|Any CPU.ActiveCfg = Debug|Any CPU
		{92F461F4-1A05-4C4C-B983-1F1B245A4A81}.Debug|Any CPU.Build.0 = Debug|Any CPU
		{92F461F4-1A05-4C4C-B983-1F1B245A4A81}.Release|Any CPU.ActiveCfg = Release|Any CPU
		{92F461F4-1A05-4C4C-B983-1F1B245A4A81}.Release|Any CPU.Build.0 = Release|Any CPU
		{AB05F367-272B-451C-B469-61BFA4B0E72D}.Debug|Any CPU.ActiveCfg = Debug|Any CPU
		{AB05F367-272B-451C-B469-61BFA4B0E72D}.Debug|Any CPU.Build.0 = Debug|Any CPU
		{AB05F367-272B-451C-B469-61BFA4B0E72D}.Release|Any CPU.ActiveCfg = Release|Any CPU
		{AB05F367-272B-451C-B469-61BFA4B0E72D}.Release|Any CPU.Build.0 = Release|Any CPU
	EndGlobalSection
	GlobalSection(SolutionProperties) = preSolution
		HideSolutionNode = FALSE
	EndGlobalSection
	GlobalSection(NestedProjects) = preSolution
		{006CA899-231A-486E-9A93-E065EA8857A6} = {B27C29DB-74F4-4FDB-9C13-B3B1867F4808}
		{A16A8FA2-4932-4C1B-90EB-B432940EA1CB} = {B27C29DB-74F4-4FDB-9C13-B3B1867F4808}
		{B1133DD5-7524-44F4-AA5A-78904520FEFE} = {006CA899-231A-486E-9A93-E065EA8857A6}
		{7007DD3E-AA46-49A7-8D41-B783FCF70714} = {006CA899-231A-486E-9A93-E065EA8857A6}
		{E27603C5-A74B-40B0-804F-9F420363F77D} = {7007DD3E-AA46-49A7-8D41-B783FCF70714}
		{8428A205-0622-47A3-9EAC-90FD1964AC74} = {B1133DD5-7524-44F4-AA5A-78904520FEFE}
		{48E20E98-F9DA-4B2B-9C0A-2A50810D0061} = {B27C29DB-74F4-4FDB-9C13-B3B1867F4808}
		{83D438AC-CED1-4A9D-B4CB-85427C0075FC} = {7007DD3E-AA46-49A7-8D41-B783FCF70714}
		{A82862A5-5537-4EAC-B8CC-7DADA48DA752} = {7007DD3E-AA46-49A7-8D41-B783FCF70714}
		{AC952CBD-67C0-48E7-B1A5-4F51C8845D52} = {B1133DD5-7524-44F4-AA5A-78904520FEFE}
		{3E07D6A1-4620-4D60-BF84-B34D7C5E358B} = {B1133DD5-7524-44F4-AA5A-78904520FEFE}
		{24698F1C-E2E8-453B-A1AF-6F37926EB100} = {006CA899-231A-486E-9A93-E065EA8857A6}
		{82D8C77F-D899-4CF9-AC3E-4159E37A06C1} = {24698F1C-E2E8-453B-A1AF-6F37926EB100}
		{A4F0E0CA-7369-40E7-8D4A-7FE7437C4526} = {24698F1C-E2E8-453B-A1AF-6F37926EB100}
		{DA27B5D5-98A5-4892-9F25-CE385131A1AD} = {24698F1C-E2E8-453B-A1AF-6F37926EB100}
		{49B662BF-5729-498C-B665-F12641E9E8EF} = {B27C29DB-74F4-4FDB-9C13-B3B1867F4808}
		{F26F12D9-3D9F-4F27-A4DA-BCE13C2F1154} = {49B662BF-5729-498C-B665-F12641E9E8EF}
		{92F461F4-1A05-4C4C-B983-1F1B245A4A81} = {49B662BF-5729-498C-B665-F12641E9E8EF}
		{75E7F6B4-B8F6-4791-AA6F-2F402DB149F1} = {B27C29DB-74F4-4FDB-9C13-B3B1867F4808}
		{AB05F367-272B-451C-B469-61BFA4B0E72D} = {75E7F6B4-B8F6-4791-AA6F-2F402DB149F1}
	EndGlobalSection
	GlobalSection(ExtensibilityGlobals) = postSolution
		SolutionGuid = {BF42A079-0C5C-4506-B59F-145E82B5026F}
	EndGlobalSection
EndGlobal
